
Microsoft Visual Studio Solution File, Format Version 12.00
# Visual Studio Version 16
VisualStudioVersion = 16.0.30717.126
MinimumVisualStudioVersion = 10.0.40219.1
Project("{FAE04EC0-301F-11D3-BF4B-00C04F79EFBC}") = "SquareLib", "SquareLib\SquareLib.csproj", "{C2BFCFCE-4139-42F2-BC78-EFD9BB320E5A}"
EndProject
Project("{FAE04EC0-301F-11D3-BF4B-00C04F79EFBC}") = "SquareLibTest", "SquareLibTest\SquareLibTest.csproj", "{3095747B-72DF-46CC-8BF3-C467A81A7D3E}"
EndProject
Global
	GlobalSection(SolutionConfigurationPlatforms) = preSolution
		Debug|Any CPU = Debug|Any CPU
		Release|Any CPU = Release|Any CPU
	EndGlobalSection
	GlobalSection(ProjectConfigurationPlatforms) = postSolution
		{C2BFCFCE-4139-42F2-BC78-EFD9BB320E5A}.Debug|Any CPU.ActiveCfg = Debug|Any CPU
		{C2BFCFCE-4139-42F2-BC78-EFD9BB320E5A}.Debug|Any CPU.Build.0 = Debug|Any CPU
		{C2BFCFCE-4139-42F2-BC78-EFD9BB320E5A}.Release|Any CPU.ActiveCfg = Release|Any CPU
		{C2BFCFCE-4139-42F2-BC78-EFD9BB320E5A}.Release|Any CPU.Build.0 = Release|Any CPU
		{3095747B-72DF-46CC-8BF3-C467A81A7D3E}.Debug|Any CPU.ActiveCfg = Debug|Any CPU
		{3095747B-72DF-46CC-8BF3-C467A81A7D3E}.Debug|Any CPU.Build.0 = Debug|Any CPU
		{3095747B-72DF-46CC-8BF3-C467A81A7D3E}.Release|Any CPU.ActiveCfg = Release|Any CPU
		{3095747B-72DF-46CC-8BF3-C467A81A7D3E}.Release|Any CPU.Build.0 = Release|Any CPU
	EndGlobalSection
	GlobalSection(SolutionProperties) = preSolution
		HideSolutionNode = FALSE
	EndGlobalSection
	GlobalSection(ExtensibilityGlobals) = postSolution
		SolutionGuid = {6AEF6A21-D950-4518-B141-53C985FC0AFC}
	EndGlobalSection
EndGlobal
